# THIS IS AN AUTOGENERATED FILE. DO NOT EDIT THIS FILE DIRECTLY.
# yarn lockfile v1


accepts@1.0.1:
  version "1.0.1"
  resolved "http://localhost:4873/accepts/-/accepts-1.0.1.tgz#c1e06d613e6246ba874678d6d9b92389b7ce310c"
  integrity sha512-EsBDjbbGp44Tq6UGW6YE4cgD2xF1MIIyK7Vn+sElHW3EiSgqoIetsTiwFytb9YxODl6YVc4IIY28zeQ0JKGCLQ==
  dependencies:
    mime "~1.2.11"
    negotiator "~0.4.0"

balanced-match@^1.0.0:
  version "1.0.2"
  resolved "http://localhost:4873/balanced-match/-/balanced-match-1.0.2.tgz#e83e3a7e3f300b34cb9d87f615fa0cbf357690ee"
  integrity sha512-3oSeUO0TMV67hN1AmbXsK4yaqU7tjiHlbxRDZOpH0KW9+CeX4bRAaX0Anxt0tx2MrpRpWwQaPwIlISEJhYU5Pw==

brace-expansion@^1.1.7:
  version "1.1.11"
  resolved "http://localhost:4873/brace-expansion/-/brace-expansion-1.1.11.tgz#3c7fcbf529d87226f3d2f52b966ff5271eb441dd"
  integrity sha512-iCuPHDFgrHX7H2vEI/5xpz07zSHB00TpugqhmYtVmMO6518mCuRMoOYFldEBl0g187ufozdaHgWKcYFb61qGiA==
  dependencies:
    balanced-match "^1.0.0"
    concat-map "0.0.1"

buffer-crc32@0.2.1:
  version "0.2.1"
  resolved "http://localhost:4873/buffer-crc32/-/buffer-crc32-0.2.1.tgz#be3e5382fc02b6d6324956ac1af98aa98b08534c"
  integrity sha512-vMfBIRp/wjlpueSz7Sb0OmO7C5SH58SSmbsT8G4D48YfO/Zgbr29xNXMpZVSC14ujVJfrZZH1Bl+kXYRQPuvfQ==

bunyan-request-logger@~0.2.3:
  version "0.2.6"
  resolved "http://localhost:4873/bunyan-request-logger/-/bunyan-request-logger-0.2.6.tgz#9341efcde403acce52ab0445fc5e61ac91ac67ec"
  integrity sha512-D7ueh14OGrlWJjtlpoCwkbzGtB26mKAcEHg5w5HNmvEwJqwhPLuHHRDZWy5g/d8MVpXejGrXvRjbReHk6A7G5w==
  dependencies:
    bunyan "~0.21.4"
    cuid "~1.2.1"
    lodash "^3.0.0"

bunyan@~0.21.4:
  version "0.21.4"
  resolved "http://localhost:4873/bunyan/-/bunyan-0.21.4.tgz#7f0ea9e4c435484f06f9ece531f62143dadcd3fb"
  integrity sha512-fSEMouiHeeExz7IuyK9xWX5FvVP+JIMA/8+I7TjaNswmb86c+ccxYFiuPZIJHCilunLRXeaUN0msRqtGYUBVqw==
  optionalDependencies:
    dtrace-provider "0.2.8"
    mv "0.0.5"

bunyan@~0.22.3:
  version "0.22.3"
  resolved "http://localhost:4873/bunyan/-/bunyan-0.22.3.tgz#7a19dc1b4c8c645f740241a740f2245147c67ec2"
  integrity sha512-v9dd5qmd6nJHEi7fiNo1fR2pMpE8AiB47Ap984p4iJKj+dEA69jSccmq6grFQn6pxIh0evvKpC5XO1SKfiaRoQ==
  optionalDependencies:
    dtrace-provider "0.2.8"
    mv "~2"

concat-map@0.0.1:
  version "0.0.1"
  resolved "http://localhost:4873/concat-map/-/concat-map-0.0.1.tgz#d8a96bd77fd68df7793a73036a3ba0d5405d477b"
  integrity sha512-/Srv4dswyQNBfohGpz9o6Yb3Gz3SrUDqBH5rTuhGR7ahtlbYKnVxw2bCFMRljaA7EXHaXZ8wsHdodFvbkhKmqg==

cookie-signature@1.0.3:
  version "1.0.3"
  resolved "http://localhost:4873/cookie-signature/-/cookie-signature-1.0.3.tgz#91cd997cc51fb641595738c69cda020328f50ff9"
  integrity sha512-/KzKzsm0OlguYov01OlOpTkX5MhBKUmfL/KMum7R80rPKheb9AwUzr78TwtBt1OdbnWrt4X+wxbTfcQ3noZqHw==

cookie@0.1.2:
  version "0.1.2"
  resolved "http://localhost:4873/cookie/-/cookie-0.1.2.tgz#72fec3d24e48a3432073d90c12642005061004b1"
  integrity sha512-+mHmWbhevLwkiBf7QcbZXHr0v4ZQQ/OgHk3fsQHrsMMiGzuvAmU/YMUR+ZfrO/BLAGIWFfx2Z7Oyso0tZR/wiA==

cuid@~1.2.1:
  version "1.2.5"
  resolved "http://localhost:4873/cuid/-/cuid-1.2.5.tgz#4b36176987f9063ce05ee0934e89ccee4b9de8a6"
  integrity sha512-WFYNdHYjncgS64msZBgX/ydur5lBkTaoXotz7lZu/ckmrcI6UVWwgsSxyF4zeRehDOQRdtxvQaXwnadvyl9+fQ==

debug@0.8.0:
  version "0.8.0"
  resolved "http://localhost:4873/debug/-/debug-0.8.0.tgz#0541ea91f0e503fdf0c5eed418a32550234967f0"
  integrity sha512-jR+JRuwlhTwNPpLU6/JhiMydD6+GnL/33WE8LlmnBUqPHXkEpG2iNargYBO/Wxx7wXn7oxU6XwYIZyH4YuSW9Q==

debug@0.8.1:
  version "0.8.1"
  resolved "http://localhost:4873/debug/-/debug-0.8.1.tgz#20ff4d26f5e422cb68a1bacbbb61039ad8c1c130"
  integrity sha512-HlXEJm99YsRjLJ8xmuz0Lq8YUwrv7hAJkTEr6/Em3sUlSUNl0UdFA+1SrY4fnykeq1FVkUEUtwRGHs9VvlYbGA==

dtrace-provider@0.2.8:
  version "0.2.8"
  resolved "http://localhost:4873/dtrace-provider/-/dtrace-provider-0.2.8.tgz#e243f19219aa95fbf0d8f2ffb07f5bd64e94fe20"
  integrity sha512-wufYnYt4ISHnT9MEiRgQ3trXuolt7mICTa/ckT+KYHR667K9H82lmI8KM7zKUJ8l5I343A34wJnvL++1TJn1iA==

escape-html@1.0.1:
  version "1.0.1"
  resolved "http://localhost:4873/escape-html/-/escape-html-1.0.1.tgz#181a286ead397a39a92857cfb1d43052e356bff0"
  integrity sha512-z6kAnok8fqVTra7Yu77dZF2Y6ETJlxH58wN38wNyuNQLm8xXdKnfNrlSmfXsTePWP03rRVUKHubtUwanwUi7+g==

express@~4.2.0:
  version "4.2.0"
  resolved "http://localhost:4873/express/-/express-4.2.0.tgz#3121993a45126693e8bf897aefb4dd783762dc60"
  integrity sha512-RdrDA/TM+yy+z3qMcFPeKQw0grhBcSmZ1hz2FFN59VPPu2e8G0NB+tu1xsg6uhuuoWvawfvILBO4YA14UKE85Q==
  dependencies:
    accepts "1.0.1"
    buffer-crc32 "0.2.1"
    cookie "0.1.2"
    cookie-signature "1.0.3"
    debug "0.8.1"
    escape-html "1.0.1"
    fresh "0.2.2"
    merge-descriptors "0.0.2"
    methods "1.0.0"
    parseurl "1.0.1"
    path-to-regexp "0.1.2"
    qs "0.6.6"
    range-parser "1.0.0"
    send "0.3.0"
    serve-static "1.1.0"
    type-is "1.1.0"
    utils-merge "1.0.0"

fresh@0.2.2:
  version "0.2.2"
  resolved "http://localhost:4873/fresh/-/fresh-0.2.2.tgz#9731dcf5678c7faeb44fb903c4f72df55187fa77"
  integrity sha512-ZGGi8GROK//ijm2gB33sUuN9TjN1tC/dvG4Bt4j6IWrVGpMmudUBCxx+Ir7qePsdREfkpQC4FL8W0jeSOsgv1w==

fresh@~0.2.1:
  version "0.2.4"
  resolved "http://localhost:4873/fresh/-/fresh-0.2.4.tgz#3582499206c9723714190edd74b4604feb4a614c"
  integrity sha512-mnBGgIFRNu54GtbkXy6+QKPYW/b5joAURorA8ELeJc/5BBNph6Go1NmHa9dt08ghFnhGuLenrUmNO8Za1CwEUQ==

glob@^6.0.1:
  version "6.0.4"
  resolved "http://localhost:4873/glob/-/glob-6.0.4.tgz#0f08860f6a155127b2fadd4f9ce24b1aab6e4d22"
  integrity sha512-MKZeRNyYZAVVVG1oZeLaWie1uweH40m9AZwIwxyPbTSX4hHrVYSzLg0Ro5Z5R7XKkIX+Cc6oD1rqeDJnwsB8/A==
  dependencies:
    inflight "^1.0.4"
    inherits "2"
    minimatch "2 || 3"
    once "^1.3.0"
    path-is-absolute "^1.0.0"

inflight@^1.0.4:
  version "1.0.6"
  resolved "http://localhost:4873/inflight/-/inflight-1.0.6.tgz#49bd6331d7d02d0c09bc910a1075ba8165b56df9"
  integrity sha512-k92I/b08q4wvFscXCLvqfsHCrjrF7yiXsQuIVvVE7N82W3+aqpzuUdBbfhWcy/FZR3/4IgflMgKLOsvPDrGCJA==
  dependencies:
    once "^1.3.0"
    wrappy "1"

inherits@2:
  version "2.0.4"
  resolved "http://localhost:4873/inherits/-/inherits-2.0.4.tgz#0fa2c64f932917c3433a0ded55363aae37416b7c"
  integrity sha512-k/vGaX4/Yla3WzyMCvTQOXYeIHvqOKtnqBduzTHpzpQZzAskKMhZ2K+EnBiSM9zGSoIFeMpXKxa4dYeZIQqewQ==

lodash@^3.0.0:
  version "3.10.1"
  resolved "http://localhost:4873/lodash/-/lodash-3.10.1.tgz#5bf45e8e49ba4189e17d482789dfd15bd140b7b6"
  integrity sha512-9mDDwqVIma6OZX79ZlDACZl8sBm0TEnkf99zV3iMA4GzkIT/9hiqP5mY0HoT1iNLCrKc/R1HByV+yJfRWVJryQ==

merge-descriptors@0.0.2:
  version "0.0.2"
  resolved "http://localhost:4873/merge-descriptors/-/merge-descriptors-0.0.2.tgz#c36a52a781437513c57275f39dd9d317514ac8c7"
  integrity sha512-dYBT4Ep+t/qnPeJcnMymmhTdd4g8/hn48ciaDqLAkfRf8abzLPS6Rb6EBdz5CZCL8tzZuI5ps9MhGQGxk+EuKg==

methods@1.0.0:
  version "1.0.0"
  resolved "http://localhost:4873/methods/-/methods-1.0.0.tgz#9a73d86375dfcef26ef61ca3e4b8a2e2538a80e3"
  integrity sha512-rr3+O8WLgLeqV0mAowDraG0fOaWNwZmZjm4B0d8lSyyqS5di8E7dm/Ec/a1FVkHPMyRqN2PQNSNEk9cd7zXePg==

mime@1.2.11, mime@~1.2.11:
  version "1.2.11"
  resolved "http://localhost:4873/mime/-/mime-1.2.11.tgz#58203eed86e3a5ef17aed2b7d9ebd47f0a60dd10"
  integrity sha512-Ysa2F/nqTNGHhhm9MV8ure4+Hc+Y8AWiqUdHxsO7xu8zc92ND9f3kpALHjaP026Ft17UfxrMt95c50PLUeynBw==

"minimatch@2 || 3":
  version "3.1.2"
  resolved "http://localhost:4873/minimatch/-/minimatch-3.1.2.tgz#19cd194bfd3e428f049a70817c038d89ab4be35b"
  integrity sha512-J7p63hRiAjw1NDEww1W7i37+ByIrOWO5XQQAzZ3VOcL0PNybwpfmV/N05zFAzwQ9USyEcX6t3UO+K5aqBQOIHw==
  dependencies:
    brace-expansion "^1.1.7"

minimist@^1.2.6:
  version "1.2.8"
  resolved "http://localhost:4873/minimist/-/minimist-1.2.8.tgz#c1a464e7693302e082a075cee0c057741ac4772c"
  integrity sha512-2yyAR8qBkN3YuheJanUpWC5U3bb5osDywNB8RzDVlDwDHbocAJveqqj1u8+SVD7jkWT4yvsHCpWqqWqAxb0zCA==

mkdirp@~0.5.1:
  version "0.5.6"
  resolved "http://localhost:4873/mkdirp/-/mkdirp-0.5.6.tgz#7def03d2432dcae4ba1d611445c48396062255f6"
  integrity sha512-FP+p8RB8OWpF3YZBCrP5gtADmtXApB5AMLn+vdyA+PyxCjrCs00mjyUozssO33cwDeT3wNGdLxJ5M//YqtHAJw==
  dependencies:
    minimist "^1.2.6"

mv@0.0.5:
  version "0.0.5"
  resolved "http://localhost:4873/mv/-/mv-0.0.5.tgz#15eac759479884df1131d6de56bce20b654f5391"
  integrity sha512-8j4wV8oJDjvDE4dHIOMwP5a0zjsUXy06PPtEtIdjwOduF4jAaLCWGn3qiZmu+6kODeMeO+nHucL2DIm2hHDanA==

mv@~2:
  version "2.1.1"
  resolved "http://localhost:4873/mv/-/mv-2.1.1.tgz#ae6ce0d6f6d5e0a4f7d893798d03c1ea9559b6a2"
  integrity sha512-at/ZndSy3xEGJ8i0ygALh8ru9qy7gWW1cmkaqBN29JmMlIvM//MEO9y1sk/avxuwnPcfhkejkLsuPxH81BrkSg==
  dependencies:
    mkdirp "~0.5.1"
    ncp "~2.0.0"
    rimraf "~2.4.0"

ncp@~2.0.0:
  version "2.0.0"
  resolved "http://localhost:4873/ncp/-/ncp-2.0.0.tgz#195a21d6c46e361d2fb1281ba38b91e9df7bdbb3"
  integrity sha512-zIdGUrPRFTUELUvr3Gmc7KZ2Sw/h1PiVM0Af/oHB6zgnV1ikqSfRk+TOufi79aHYCW3NiOXmr1BP5nWbzojLaA==

negotiator@~0.4.0:
  version "0.4.9"
  resolved "http://localhost:4873/negotiator/-/negotiator-0.4.9.tgz#92e46b6db53c7e421ed64a2bc94f08be7630df3f"
  integrity sha512-fvi5GQce2TGDzanaTxNY3bboxjdce18sqwNylY439wkEkiJIyTMhGFMdlPCvDsIPa9IKIfhKwCMWEQ9YpZgb1Q==

once@^1.3.0:
  version "1.4.0"
  resolved "http://localhost:4873/once/-/once-1.4.0.tgz#583b1aa775961d4b113ac17d9c50baef9dd76bd1"
  integrity sha512-lNaJgI+2Q5URQBkccEKHTQOPaXdUxnZZElQTZY0MFUAuaEqe1E+Nyvgdz/aIyNi6Z9MzO5dv1H8n58/GELp3+w==
  dependencies:
    wrappy "1"

parseurl@1.0.1:
  version "1.0.1"
  resolved "http://localhost:4873/parseurl/-/parseurl-1.0.1.tgz#2e57dce6efdd37c3518701030944c22bf388b7b4"
  integrity sha512-6W9+0+9Ihayqwjgp4OaLLqZ3KDtqPY2PtUPz8YNiy4PamjJv+7x6J9GO93O9rUZOLgaanTPxsKTasxqKkO1iSw==

path-is-absolute@^1.0.0:
  version "1.0.1"
  resolved "http://localhost:4873/path-is-absolute/-/path-is-absolute-1.0.1.tgz#174b9268735534ffbc7ace6bf53a5a9e1b5c5f5f"
  integrity sha512-AVbw3UJ2e9bq64vSaS9Am0fje1Pa8pbGqTTsmXfaIiMpnr5DlDhfJOuLj9Sf95ZPVDAUerDfEk88MPmPe7UCQg==

path-to-regexp@0.1.2:
  version "0.1.2"
  resolved "http://localhost:4873/path-to-regexp/-/path-to-regexp-0.1.2.tgz#9b2b151f9cc3018c9eea50ca95729e05781712b4"
  integrity sha512-BZU7Qr+qKkXJX9UBypMNikdZ85cQSjtfMhUykJFLJn4SNF0jhEbb9nMRpnNdA76ESryY8JpMA4k6XKdz3JS1pw==

qs@0.6.6:
  version "0.6.6"
  resolved "http://localhost:4873/qs/-/qs-0.6.6.tgz#6e015098ff51968b8a3c819001d5f2c89bc4b107"
  integrity sha512-kN+yNdAf29Jgp+AYHUmC7X4QdJPR8czuMWLNLc0aRxkQ7tB3vJQEONKKT9ou/rW7EbqVec11srC9q9BiVbcnHA==

range-parser@1.0.0:
  version "1.0.0"
  resolved "http://localhost:4873/range-parser/-/range-parser-1.0.0.tgz#a4b264cfe0be5ce36abe3765ac9c2a248746dbc0"
  integrity sha512-wOH5LIH2ZHo0P7/bwkR+aNbJ+kv3CHVX4B8qs9GqbtY29fi1bGPV5xczrutN20G+Z4XhRqRMTW3q0S4iyJJPfw==

range-parser@~1.0.0:
  version "1.0.3"
  resolved "http://localhost:4873/range-parser/-/range-parser-1.0.3.tgz#6872823535c692e2c2a0103826afd82c2e0ff175"
  integrity sha512-nDsRrtIxVUO5opg/A8T2S3ebULVIfuh8ECbh4w3N4mWxIiT3QILDJDUQayPqm2e8Q8NUa0RSUkGCfe33AfjR3Q==

rimraf@~2.4.0:
  version "2.4.5"
  resolved "http://localhost:4873/rimraf/-/rimraf-2.4.5.tgz#ee710ce5d93a8fdb856fb5ea8ff0e2d75934b2da"
  integrity sha512-J5xnxTyqaiw06JjMftq7L9ouA448dw/E7dKghkP9WpKNuwmARNNg+Gk8/u5ryb9N/Yo2+z3MCwuqFK/+qPOPfQ==
  dependencies:
    glob "^6.0.1"

send@0.3.0:
  version "0.3.0"
  resolved "http://localhost:4873/send/-/send-0.3.0.tgz#9718324634806fc75bc4f8f5e51f57d9d66606e7"
  integrity sha512-FPyeqtit9Z3zbusjv0KQyR8vQ9CL57qPNOz4GgcuIPSk+nx9WTUIMQoR6+0a7YOZpQVTtk04qH0IVQG3rohZ0Q==
  dependencies:
    buffer-crc32 "0.2.1"
    debug "0.8.0"
    fresh "~0.2.1"
    mime "1.2.11"
    range-parser "~1.0.0"

serve-static@1.1.0:
  version "1.1.0"
  resolved "http://localhost:4873/serve-static/-/serve-static-1.1.0.tgz#454dfa05bb3ddd4e701a8915b83a278aa91c5643"
  integrity sha512-vzgWiHz5xrM19pqugiYI6sWP9B0+K6vz4Ep5G1my9lVhuYkRXGYs5xtnXZ06fpLPRumROSZ1CLqiRxdngPkojQ==
  dependencies:
    parseurl "1.0.1"
    send "0.3.0"

type-is@1.1.0:
  version "1.1.0"
  resolved "http://localhost:4873/type-is/-/type-is-1.1.0.tgz#d0245ec8b2676668d59dd0cf3255060676a57db6"
  integrity sha512-bGTRFAlk7i/YYyx/d1xYm6gLrALwTcY2HLwsVqAIPKJjjtlI/rGXRgjQrcOln2fcHCbAqi0hrueZ2yPnHvCipQ==
  dependencies:
    mime "~1.2.11"

utils-merge@1.0.0:
  version "1.0.0"
  resolved "http://localhost:4873/utils-merge/-/utils-merge-1.0.0.tgz#0294fb922bb9375153541c4f7096231f287c8af8"
  integrity sha512-HwU9SLQEtyo+0uoKXd1nkLqigUWLB+QuNQR4OcmB73eWqksM5ovuqcycks2x043W8XVb75rG1HQ0h93TMXkzQQ==

wrappy@1:
  version "1.0.2"
  resolved "http://localhost:4873/wrappy/-/wrappy-1.0.2.tgz#b5243d8f3ec1aa35f1364605bc0d1036e30ab69f"
  integrity sha512-l4Sp/DRseor9wL6EvV2+TuQn63dMkPjZ/sp9XkghTEbV9KlPS1xUsZ3u7/IQO4wxtcFB4bgpQPRcR3QCvezPcQ==
